// !$*UTF8*$!
{
	archiveVersion = 1;
	classes = {
	};
	objectVersion = 55;
	objects = {

/* Begin PBXBuildFile section */
		3D9E43F72F554DBF4BCE8685 /* Pods_MintynApp_MintynAppUITests.framework in Frameworks */ = {isa = PBXBuildFile; fileRef = 3274087DC67F17743D166B40 /* Pods_MintynApp_MintynAppUITests.framework */; };
		6B95CC6A5D919090E480633D /* Pods_MintynAppTests.framework in Frameworks */ = {isa = PBXBuildFile; fileRef = 7143725D332EB058A0949B24 /* Pods_MintynAppTests.framework */; };
		B46CB87327DBF54D0081B353 /* AppDelegate.swift in Sources */ = {isa = PBXBuildFile; fileRef = B46CB87227DBF54D0081B353 /* AppDelegate.swift */; };
		B46CB87527DBF54D0081B353 /* SceneDelegate.swift in Sources */ = {isa = PBXBuildFile; fileRef = B46CB87427DBF54D0081B353 /* SceneDelegate.swift */; };
		B46CB87727DBF54D0081B353 /* WelcomeScreenViewController.swift in Sources */ = {isa = PBXBuildFile; fileRef = B46CB87627DBF54D0081B353 /* WelcomeScreenViewController.swift */; };
		B46CB87A27DBF54D0081B353 /* Main.storyboard in Resources */ = {isa = PBXBuildFile; fileRef = B46CB87827DBF54D0081B353 /* Main.storyboard */; };
		B46CB87C27DBF5550081B353 /* Assets.xcassets in Resources */ = {isa = PBXBuildFile; fileRef = B46CB87B27DBF5550081B353 /* Assets.xcassets */; };
		B46CB87F27DBF5550081B353 /* LaunchScreen.storyboard in Resources */ = {isa = PBXBuildFile; fileRef = B46CB87D27DBF5550081B353 /* LaunchScreen.storyboard */; };
		B46CB88A27DBF5560081B353 /* MintynAppTests.swift in Sources */ = {isa = PBXBuildFile; fileRef = B46CB88927DBF5560081B353 /* MintynAppTests.swift */; };
		B46CB89427DBF5570081B353 /* MintynAppUITests.swift in Sources */ = {isa = PBXBuildFile; fileRef = B46CB89327DBF5570081B353 /* MintynAppUITests.swift */; };
		B46CB89627DBF5570081B353 /* MintynAppUITestsLaunchTests.swift in Sources */ = {isa = PBXBuildFile; fileRef = B46CB89527DBF5570081B353 /* MintynAppUITestsLaunchTests.swift */; };
		B46CB8A327DBFCDC0081B353 /* GoogleService-Info.plist in Resources */ = {isa = PBXBuildFile; fileRef = B46CB8A227DBFCDC0081B353 /* GoogleService-Info.plist */; };
		B46CB8A627DC0C8C0081B353 /* AuthManager.swift in Sources */ = {isa = PBXBuildFile; fileRef = B46CB8A527DC0C8C0081B353 /* AuthManager.swift */; };
		B46CB8A927DC1ED50081B353 /* LoginViewController.swift in Sources */ = {isa = PBXBuildFile; fileRef = B46CB8A827DC1ED50081B353 /* LoginViewController.swift */; };
		B46CB8AB27DC1F130081B353 /* SignUpViewController.swift in Sources */ = {isa = PBXBuildFile; fileRef = B46CB8AA27DC1F130081B353 /* SignUpViewController.swift */; };
		B46CB8AE27DC231B0081B353 /* ProductsCellModel.swift in Sources */ = {isa = PBXBuildFile; fileRef = B46CB8AD27DC231B0081B353 /* ProductsCellModel.swift */; };
		B46CB8B127DC24A30081B353 /* ProductsCollectionViewCell.swift in Sources */ = {isa = PBXBuildFile; fileRef = B46CB8B027DC24A30081B353 /* ProductsCollectionViewCell.swift */; };
		B46CB8B427DC6BD00081B353 /* TextField+Extension.swift in Sources */ = {isa = PBXBuildFile; fileRef = B46CB8B327DC6BD00081B353 /* TextField+Extension.swift */; };
		D02CC345F7955F43962A35B9 /* Pods_MintynApp.framework in Frameworks */ = {isa = PBXBuildFile; fileRef = D4B6A884501D676884298DC3 /* Pods_MintynApp.framework */; };
/* End PBXBuildFile section */

/* Begin PBXContainerItemProxy section */
		B46CB88627DBF5560081B353 /* PBXContainerItemProxy */ = {
			isa = PBXContainerItemProxy;
			containerPortal = B46CB86727DBF54D0081B353 /* Project object */;
			proxyType = 1;
			remoteGlobalIDString = B46CB86E27DBF54D0081B353;
			remoteInfo = MintynApp;
		};
		B46CB89027DBF5570081B353 /* PBXContainerItemProxy */ = {
			isa = PBXContainerItemProxy;
			containerPortal = B46CB86727DBF54D0081B353 /* Project object */;
			proxyType = 1;
			remoteGlobalIDString = B46CB86E27DBF54D0081B353;
			remoteInfo = MintynApp;
		};
/* End PBXContainerItemProxy section */

/* Begin PBXFileReference section */
		141C7D64C0F54CE74A0E80C6 /* Pods-MintynApp-MintynAppUITests.release.xcconfig */ = {isa = PBXFileReference; includeInIndex = 1; lastKnownFileType = text.xcconfig; name = "Pods-MintynApp-MintynAppUITests.release.xcconfig"; path = "Target Support Files/Pods-MintynApp-MintynAppUITests/Pods-MintynApp-MintynAppUITests.release.xcconfig"; sourceTree = "<group>"; };
		188C58BD35FEA045F2659C8E /* Pods-MintynApp.debug.xcconfig */ = {isa = PBXFileReference; includeInIndex = 1; lastKnownFileType = text.xcconfig; name = "Pods-MintynApp.debug.xcconfig"; path = "Target Support Files/Pods-MintynApp/Pods-MintynApp.debug.xcconfig"; sourceTree = "<group>"; };
		1F5E909964F95D6677C34B63 /* Pods-MintynAppTests.release.xcconfig */ = {isa = PBXFileReference; includeInIndex = 1; lastKnownFileType = text.xcconfig; name = "Pods-MintynAppTests.release.xcconfig"; path = "Target Support Files/Pods-MintynAppTests/Pods-MintynAppTests.release.xcconfig"; sourceTree = "<group>"; };
		3274087DC67F17743D166B40 /* Pods_MintynApp_MintynAppUITests.framework */ = {isa = PBXFileReference; explicitFileType = wrapper.framework; includeInIndex = 0; path = Pods_MintynApp_MintynAppUITests.framework; sourceTree = BUILT_PRODUCTS_DIR; };
		5DB986763BC86B09193F7D64 /* Pods-MintynApp-MintynAppUITests.debug.xcconfig */ = {isa = PBXFileReference; includeInIndex = 1; lastKnownFileType = text.xcconfig; name = "Pods-MintynApp-MintynAppUITests.debug.xcconfig"; path = "Target Support Files/Pods-MintynApp-MintynAppUITests/Pods-MintynApp-MintynAppUITests.debug.xcconfig"; sourceTree = "<group>"; };
		7143725D332EB058A0949B24 /* Pods_MintynAppTests.framework */ = {isa = PBXFileReference; explicitFileType = wrapper.framework; includeInIndex = 0; path = Pods_MintynAppTests.framework; sourceTree = BUILT_PRODUCTS_DIR; };
		7424FA3CDE146BD0D180BCF5 /* Pods-MintynApp.release.xcconfig */ = {isa = PBXFileReference; includeInIndex = 1; lastKnownFileType = text.xcconfig; name = "Pods-MintynApp.release.xcconfig"; path = "Target Support Files/Pods-MintynApp/Pods-MintynApp.release.xcconfig"; sourceTree = "<group>"; };
		762D5289D7CB2952A1F61D71 /* Pods-MintynAppTests.debug.xcconfig */ = {isa = PBXFileReference; includeInIndex = 1; lastKnownFileType = text.xcconfig; name = "Pods-MintynAppTests.debug.xcconfig"; path = "Target Support Files/Pods-MintynAppTests/Pods-MintynAppTests.debug.xcconfig"; sourceTree = "<group>"; };
		B46CB86F27DBF54D0081B353 /* MintynApp.app */ = {isa = PBXFileReference; explicitFileType = wrapper.application; includeInIndex = 0; path = MintynApp.app; sourceTree = BUILT_PRODUCTS_DIR; };
		B46CB87227DBF54D0081B353 /* AppDelegate.swift */ = {isa = PBXFileReference; lastKnownFileType = sourcecode.swift; path = AppDelegate.swift; sourceTree = "<group>"; };
		B46CB87427DBF54D0081B353 /* SceneDelegate.swift */ = {isa = PBXFileReference; lastKnownFileType = sourcecode.swift; path = SceneDelegate.swift; sourceTree = "<group>"; };
		B46CB87627DBF54D0081B353 /* WelcomeScreenViewController.swift */ = {isa = PBXFileReference; lastKnownFileType = sourcecode.swift; path = WelcomeScreenViewController.swift; sourceTree = "<group>"; };
		B46CB87927DBF54D0081B353 /* Base */ = {isa = PBXFileReference; lastKnownFileType = file.storyboard; name = Base; path = Base.lproj/Main.storyboard; sourceTree = "<group>"; };
		B46CB87B27DBF5550081B353 /* Assets.xcassets */ = {isa = PBXFileReference; lastKnownFileType = folder.assetcatalog; path = Assets.xcassets; sourceTree = "<group>"; };
		B46CB87E27DBF5550081B353 /* Base */ = {isa = PBXFileReference; lastKnownFileType = file.storyboard; name = Base; path = Base.lproj/LaunchScreen.storyboard; sourceTree = "<group>"; };
		B46CB88027DBF5550081B353 /* Info.plist */ = {isa = PBXFileReference; lastKnownFileType = text.plist.xml; path = Info.plist; sourceTree = "<group>"; };
		B46CB88527DBF5560081B353 /* MintynAppTests.xctest */ = {isa = PBXFileReference; explicitFileType = wrapper.cfbundle; includeInIndex = 0; path = MintynAppTests.xctest; sourceTree = BUILT_PRODUCTS_DIR; };
		B46CB88927DBF5560081B353 /* MintynAppTests.swift */ = {isa = PBXFileReference; lastKnownFileType = sourcecode.swift; path = MintynAppTests.swift; sourceTree = "<group>"; };
		B46CB88F27DBF5560081B353 /* MintynAppUITests.xctest */ = {isa = PBXFileReference; explicitFileType = wrapper.cfbundle; includeInIndex = 0; path = MintynAppUITests.xctest; sourceTree = BUILT_PRODUCTS_DIR; };
		B46CB89327DBF5570081B353 /* MintynAppUITests.swift */ = {isa = PBXFileReference; lastKnownFileType = sourcecode.swift; path = MintynAppUITests.swift; sourceTree = "<group>"; };
		B46CB89527DBF5570081B353 /* MintynAppUITestsLaunchTests.swift */ = {isa = PBXFileReference; lastKnownFileType = sourcecode.swift; path = MintynAppUITestsLaunchTests.swift; sourceTree = "<group>"; };
		B46CB8A227DBFCDC0081B353 /* GoogleService-Info.plist */ = {isa = PBXFileReference; fileEncoding = 4; lastKnownFileType = text.plist.xml; path = "GoogleService-Info.plist"; sourceTree = "<group>"; };
		B46CB8A527DC0C8C0081B353 /* AuthManager.swift */ = {isa = PBXFileReference; lastKnownFileType = sourcecode.swift; path = AuthManager.swift; sourceTree = "<group>"; };
		B46CB8A827DC1ED50081B353 /* LoginViewController.swift */ = {isa = PBXFileReference; lastKnownFileType = sourcecode.swift; path = LoginViewController.swift; sourceTree = "<group>"; };
		B46CB8AA27DC1F130081B353 /* SignUpViewController.swift */ = {isa = PBXFileReference; lastKnownFileType = sourcecode.swift; path = SignUpViewController.swift; sourceTree = "<group>"; };
		B46CB8AD27DC231B0081B353 /* ProductsCellModel.swift */ = {isa = PBXFileReference; lastKnownFileType = sourcecode.swift; path = ProductsCellModel.swift; sourceTree = "<group>"; };
		B46CB8B027DC24A30081B353 /* ProductsCollectionViewCell.swift */ = {isa = PBXFileReference; lastKnownFileType = sourcecode.swift; path = ProductsCollectionViewCell.swift; sourceTree = "<group>"; };
		B46CB8B327DC6BD00081B353 /* TextField+Extension.swift */ = {isa = PBXFileReference; lastKnownFileType = sourcecode.swift; path = "TextField+Extension.swift"; sourceTree = "<group>"; };
		D4B6A884501D676884298DC3 /* Pods_MintynApp.framework */ = {isa = PBXFileReference; explicitFileType = wrapper.framework; includeInIndex = 0; path = Pods_MintynApp.framework; sourceTree = BUILT_PRODUCTS_DIR; };
/* End PBXFileReference section */

/* Begin PBXFrameworksBuildPhase section */
		B46CB86C27DBF54D0081B353 /* Frameworks */ = {
			isa = PBXFrameworksBuildPhase;
			buildActionMask = 2147483647;
			files = (
				D02CC345F7955F43962A35B9 /* Pods_MintynApp.framework in Frameworks */,
			);
			runOnlyForDeploymentPostprocessing = 0;
		};
		B46CB88227DBF5560081B353 /* Frameworks */ = {
			isa = PBXFrameworksBuildPhase;
			buildActionMask = 2147483647;
			files = (
				6B95CC6A5D919090E480633D /* Pods_MintynAppTests.framework in Frameworks */,
			);
			runOnlyForDeploymentPostprocessing = 0;
		};
		B46CB88C27DBF5560081B353 /* Frameworks */ = {
			isa = PBXFrameworksBuildPhase;
			buildActionMask = 2147483647;
			files = (
				3D9E43F72F554DBF4BCE8685 /* Pods_MintynApp_MintynAppUITests.framework in Frameworks */,
			);
			runOnlyForDeploymentPostprocessing = 0;
		};
/* End PBXFrameworksBuildPhase section */

/* Begin PBXGroup section */
		84FFDCF9CA1D1BEA6DCC52BE /* Pods */ = {
			isa = PBXGroup;
			children = (
				188C58BD35FEA045F2659C8E /* Pods-MintynApp.debug.xcconfig */,
				7424FA3CDE146BD0D180BCF5 /* Pods-MintynApp.release.xcconfig */,
				5DB986763BC86B09193F7D64 /* Pods-MintynApp-MintynAppUITests.debug.xcconfig */,
				141C7D64C0F54CE74A0E80C6 /* Pods-MintynApp-MintynAppUITests.release.xcconfig */,
				762D5289D7CB2952A1F61D71 /* Pods-MintynAppTests.debug.xcconfig */,
				1F5E909964F95D6677C34B63 /* Pods-MintynAppTests.release.xcconfig */,
			);
			path = Pods;
			sourceTree = "<group>";
		};
		867DD75D7E6A03220921816C /* Frameworks */ = {
			isa = PBXGroup;
			children = (
				D4B6A884501D676884298DC3 /* Pods_MintynApp.framework */,
				3274087DC67F17743D166B40 /* Pods_MintynApp_MintynAppUITests.framework */,
				7143725D332EB058A0949B24 /* Pods_MintynAppTests.framework */,
			);
			name = Frameworks;
			sourceTree = "<group>";
		};
		B46CB86627DBF54D0081B353 = {
			isa = PBXGroup;
			children = (
				B46CB87127DBF54D0081B353 /* MintynApp */,
				B46CB88827DBF5560081B353 /* MintynAppTests */,
				B46CB89227DBF5570081B353 /* MintynAppUITests */,
				B46CB87027DBF54D0081B353 /* Products */,
				84FFDCF9CA1D1BEA6DCC52BE /* Pods */,
				867DD75D7E6A03220921816C /* Frameworks */,
			);
			sourceTree = "<group>";
		};
		B46CB87027DBF54D0081B353 /* Products */ = {
			isa = PBXGroup;
			children = (
				B46CB86F27DBF54D0081B353 /* MintynApp.app */,
				B46CB88527DBF5560081B353 /* MintynAppTests.xctest */,
				B46CB88F27DBF5560081B353 /* MintynAppUITests.xctest */,
			);
			name = Products;
			sourceTree = "<group>";
		};
		B46CB87127DBF54D0081B353 /* MintynApp */ = {
			isa = PBXGroup;
			children = (
				B46CB8B227DC6AFC0081B353 /* Extensions */,
				B46CB8AF27DC24270081B353 /* Views */,
				B46CB8AC27DC22790081B353 /* Models */,
				B46CB8A427DC0C580081B353 /* Manager */,
				B46CB8A227DBFCDC0081B353 /* GoogleService-Info.plist */,
				B46CB87227DBF54D0081B353 /* AppDelegate.swift */,
				B46CB87427DBF54D0081B353 /* SceneDelegate.swift */,
				B46CB8A727DC1EAE0081B353 /* Controllers */,
				B46CB87827DBF54D0081B353 /* Main.storyboard */,
				B46CB87B27DBF5550081B353 /* Assets.xcassets */,
				B46CB87D27DBF5550081B353 /* LaunchScreen.storyboard */,
				B46CB88027DBF5550081B353 /* Info.plist */,
			);
			path = MintynApp;
			sourceTree = "<group>";
		};
		B46CB88827DBF5560081B353 /* MintynAppTests */ = {
			isa = PBXGroup;
			children = (
				B46CB88927DBF5560081B353 /* MintynAppTests.swift */,
			);
			path = MintynAppTests;
			sourceTree = "<group>";
		};
		B46CB89227DBF5570081B353 /* MintynAppUITests */ = {
			isa = PBXGroup;
			children = (
				B46CB89327DBF5570081B353 /* MintynAppUITests.swift */,
				B46CB89527DBF5570081B353 /* MintynAppUITestsLaunchTests.swift */,
			);
			path = MintynAppUITests;
			sourceTree = "<group>";
		};
		B46CB8A427DC0C580081B353 /* Manager */ = {
			isa = PBXGroup;
			children = (
				B46CB8A527DC0C8C0081B353 /* AuthManager.swift */,
			);
			path = Manager;
			sourceTree = "<group>";
		};
		B46CB8A727DC1EAE0081B353 /* Controllers */ = {
			isa = PBXGroup;
			children = (
				B46CB87627DBF54D0081B353 /* WelcomeScreenViewController.swift */,
				B46CB8A827DC1ED50081B353 /* LoginViewController.swift */,
				B46CB8AA27DC1F130081B353 /* SignUpViewController.swift */,
			);
			path = Controllers;
			sourceTree = "<group>";
		};
		B46CB8AC27DC22790081B353 /* Models */ = {
			isa = PBXGroup;
			children = (
				B46CB8AD27DC231B0081B353 /* ProductsCellModel.swift */,
			);
			path = Models;
			sourceTree = "<group>";
		};
		B46CB8AF27DC24270081B353 /* Views */ = {
			isa = PBXGroup;
			children = (
				B46CB8B027DC24A30081B353 /* ProductsCollectionViewCell.swift */,
			);
			path = Views;
			sourceTree = "<group>";
		};
		B46CB8B227DC6AFC0081B353 /* Extensions */ = {
			isa = PBXGroup;
			children = (
				B46CB8B327DC6BD00081B353 /* TextField+Extension.swift */,
			);
			path = Extensions;
			sourceTree = "<group>";
		};
/* End PBXGroup section */

/* Begin PBXNativeTarget section */
		B46CB86E27DBF54D0081B353 /* MintynApp */ = {
			isa = PBXNativeTarget;
			buildConfigurationList = B46CB89927DBF5570081B353 /* Build configuration list for PBXNativeTarget "MintynApp" */;
			buildPhases = (
				03A15D0C62652B8E0FB59C55 /* [CP] Check Pods Manifest.lock */,
				B46CB86B27DBF54D0081B353 /* Sources */,
				B46CB86C27DBF54D0081B353 /* Frameworks */,
				B46CB86D27DBF54D0081B353 /* Resources */,
				6F81018040847A69B956B8EF /* [CP] Embed Pods Frameworks */,
			);
			buildRules = (
			);
			dependencies = (
			);
			name = MintynApp;
			productName = MintynApp;
			productReference = B46CB86F27DBF54D0081B353 /* MintynApp.app */;
			productType = "com.apple.product-type.application";
		};
		B46CB88427DBF5560081B353 /* MintynAppTests */ = {
			isa = PBXNativeTarget;
			buildConfigurationList = B46CB89C27DBF5570081B353 /* Build configuration list for PBXNativeTarget "MintynAppTests" */;
			buildPhases = (
				95CE62BB02723F9B83F2EB02 /* [CP] Check Pods Manifest.lock */,
				B46CB88127DBF5560081B353 /* Sources */,
				B46CB88227DBF5560081B353 /* Frameworks */,
				B46CB88327DBF5560081B353 /* Resources */,
			);
			buildRules = (
			);
			dependencies = (
				B46CB88727DBF5560081B353 /* PBXTargetDependency */,
			);
			name = MintynAppTests;
			productName = MintynAppTests;
			productReference = B46CB88527DBF5560081B353 /* MintynAppTests.xctest */;
			productType = "com.apple.product-type.bundle.unit-test";
		};
		B46CB88E27DBF5560081B353 /* MintynAppUITests */ = {
			isa = PBXNativeTarget;
			buildConfigurationList = B46CB89F27DBF5570081B353 /* Build configuration list for PBXNativeTarget "MintynAppUITests" */;
			buildPhases = (
				CDBACB7981129E5EF2BC4B80 /* [CP] Check Pods Manifest.lock */,
				B46CB88B27DBF5560081B353 /* Sources */,
				B46CB88C27DBF5560081B353 /* Frameworks */,
				B46CB88D27DBF5560081B353 /* Resources */,
				1611C5B817569BCE18C45FFB /* [CP] Embed Pods Frameworks */,
			);
			buildRules = (
			);
			dependencies = (
				B46CB89127DBF5570081B353 /* PBXTargetDependency */,
			);
			name = MintynAppUITests;
			productName = MintynAppUITests;
			productReference = B46CB88F27DBF5560081B353 /* MintynAppUITests.xctest */;
			productType = "com.apple.product-type.bundle.ui-testing";
		};
/* End PBXNativeTarget section */

/* Begin PBXProject section */
		B46CB86727DBF54D0081B353 /* Project object */ = {
			isa = PBXProject;
			attributes = {
				BuildIndependentTargetsInParallel = 1;
				LastSwiftUpdateCheck = 1320;
				LastUpgradeCheck = 1320;
				TargetAttributes = {
					B46CB86E27DBF54D0081B353 = {
						CreatedOnToolsVersion = 13.2.1;
					};
					B46CB88427DBF5560081B353 = {
						CreatedOnToolsVersion = 13.2.1;
						TestTargetID = B46CB86E27DBF54D0081B353;
					};
					B46CB88E27DBF5560081B353 = {
						CreatedOnToolsVersion = 13.2.1;
						TestTargetID = B46CB86E27DBF54D0081B353;
					};
				};
			};
			buildConfigurationList = B46CB86A27DBF54D0081B353 /* Build configuration list for PBXProject "MintynApp" */;
			compatibilityVersion = "Xcode 13.0";
			developmentRegion = en;
			hasScannedForEncodings = 0;
			knownRegions = (
				en,
				Base,
			);
			mainGroup = B46CB86627DBF54D0081B353;
			productRefGroup = B46CB87027DBF54D0081B353 /* Products */;
			projectDirPath = "";
			projectRoot = "";
			targets = (
				B46CB86E27DBF54D0081B353 /* MintynApp */,
				B46CB88427DBF5560081B353 /* MintynAppTests */,
				B46CB88E27DBF5560081B353 /* MintynAppUITests */,
			);
		};
/* End PBXProject section */

/* Begin PBXResourcesBuildPhase section */
		B46CB86D27DBF54D0081B353 /* Resources */ = {
			isa = PBXResourcesBuildPhase;
			buildActionMask = 2147483647;
			files = (
				B46CB87F27DBF5550081B353 /* LaunchScreen.storyboard in Resources */,
				B46CB8A327DBFCDC0081B353 /* GoogleService-Info.plist in Resources */,
				B46CB87C27DBF5550081B353 /* Assets.xcassets in Resources */,
				B46CB87A27DBF54D0081B353 /* Main.storyboard in Resources */,
			);
			runOnlyForDeploymentPostprocessing = 0;
		};
		B46CB88327DBF5560081B353 /* Resources */ = {
			isa = PBXResourcesBuildPhase;
			buildActionMask = 2147483647;
			files = (
			);
			runOnlyForDeploymentPostprocessing = 0;
		};
		B46CB88D27DBF5560081B353 /* Resources */ = {
			isa = PBXResourcesBuildPhase;
			buildActionMask = 2147483647;
			files = (
			);
			runOnlyForDeploymentPostprocessing = 0;
		};
/* End PBXResourcesBuildPhase section */

/* Begin PBXShellScriptBuildPhase section */
		03A15D0C62652B8E0FB59C55 /* [CP] Check Pods Manifest.lock */ = {
			isa = PBXShellScriptBuildPhase;
			buildActionMask = 2147483647;
			files = (
			);
			inputFileListPaths = (
			);
			inputPaths = (
				"${PODS_PODFILE_DIR_PATH}/Podfile.lock",
				"${PODS_ROOT}/Manifest.lock",
			);
			name = "[CP] Check Pods Manifest.lock";
			outputFileListPaths = (
			);
			outputPaths = (
				"$(DERIVED_FILE_DIR)/Pods-MintynApp-checkManifestLockResult.txt",
			);
			runOnlyForDeploymentPostprocessing = 0;
			shellPath = /bin/sh;
			shellScript = "diff \"${PODS_PODFILE_DIR_PATH}/Podfile.lock\" \"${PODS_ROOT}/Manifest.lock\" > /dev/null\nif [ $? != 0 ] ; then\n    # print error to STDERR\n    echo \"error: The sandbox is not in sync with the Podfile.lock. Run 'pod install' or update your CocoaPods installation.\" >&2\n    exit 1\nfi\n# This output is used by Xcode 'outputs' to avoid re-running this script phase.\necho \"SUCCESS\" > \"${SCRIPT_OUTPUT_FILE_0}\"\n";
			showEnvVarsInLog = 0;
		};
		1611C5B817569BCE18C45FFB /* [CP] Embed Pods Frameworks */ = {
			isa = PBXShellScriptBuildPhase;
			buildActionMask = 2147483647;
			files = (
			);
			inputFileListPaths = (
				"${PODS_ROOT}/Target Support Files/Pods-MintynApp-MintynAppUITests/Pods-MintynApp-MintynAppUITests-frameworks-${CONFIGURATION}-input-files.xcfilelist",
			);
			name = "[CP] Embed Pods Frameworks";
			outputFileListPaths = (
				"${PODS_ROOT}/Target Support Files/Pods-MintynApp-MintynAppUITests/Pods-MintynApp-MintynAppUITests-frameworks-${CONFIGURATION}-output-files.xcfilelist",
			);
			runOnlyForDeploymentPostprocessing = 0;
			shellPath = /bin/sh;
			shellScript = "\"${PODS_ROOT}/Target Support Files/Pods-MintynApp-MintynAppUITests/Pods-MintynApp-MintynAppUITests-frameworks.sh\"\n";
			showEnvVarsInLog = 0;
		};
		6F81018040847A69B956B8EF /* [CP] Embed Pods Frameworks */ = {
			isa = PBXShellScriptBuildPhase;
			buildActionMask = 2147483647;
			files = (
			);
			inputFileListPaths = (
				"${PODS_ROOT}/Target Support Files/Pods-MintynApp/Pods-MintynApp-frameworks-${CONFIGURATION}-input-files.xcfilelist",
			);
			name = "[CP] Embed Pods Frameworks";
			outputFileListPaths = (
				"${PODS_ROOT}/Target Support Files/Pods-MintynApp/Pods-MintynApp-frameworks-${CONFIGURATION}-output-files.xcfilelist",
			);
			runOnlyForDeploymentPostprocessing = 0;
			shellPath = /bin/sh;
			shellScript = "\"${PODS_ROOT}/Target Support Files/Pods-MintynApp/Pods-MintynApp-frameworks.sh\"\n";
			showEnvVarsInLog = 0;
		};
		95CE62BB02723F9B83F2EB02 /* [CP] Check Pods Manifest.lock */ = {
			isa = PBXShellScriptBuildPhase;
			buildActionMask = 2147483647;
			files = (
			);
			inputFileListPaths = (
			);
			inputPaths = (
				"${PODS_PODFILE_DIR_PATH}/Podfile.lock",
				"${PODS_ROOT}/Manifest.lock",
			);
			name = "[CP] Check Pods Manifest.lock";
			outputFileListPaths = (
			);
			outputPaths = (
				"$(DERIVED_FILE_DIR)/Pods-MintynAppTests-checkManifestLockResult.txt",
			);
			runOnlyForDeploymentPostprocessing = 0;
			shellPath = /bin/sh;
			shellScript = "diff \"${PODS_PODFILE_DIR_PATH}/Podfile.lock\" \"${PODS_ROOT}/Manifest.lock\" > /dev/null\nif [ $? != 0 ] ; then\n    # print error to STDERR\n    echo \"error: The sandbox is not in sync with the Podfile.lock. Run 'pod install' or update your CocoaPods installation.\" >&2\n    exit 1\nfi\n# This output is used by Xcode 'outputs' to avoid re-running this script phase.\necho \"SUCCESS\" > \"${SCRIPT_OUTPUT_FILE_0}\"\n";
			showEnvVarsInLog = 0;
		};
		CDBACB7981129E5EF2BC4B80 /* [CP] Check Pods Manifest.lock */ = {
			isa = PBXShellScriptBuildPhase;
			buildActionMask = 2147483647;
			files = (
			);
			inputFileListPaths = (
			);
			inputPaths = (
				"${PODS_PODFILE_DIR_PATH}/Podfile.lock",
				"${PODS_ROOT}/Manifest.lock",
			);
			name = "[CP] Check Pods Manifest.lock";
			outputFileListPaths = (
			);
			outputPaths = (
				"$(DERIVED_FILE_DIR)/Pods-MintynApp-MintynAppUITests-checkManifestLockResult.txt",
			);
			runOnlyForDeploymentPostprocessing = 0;
			shellPath = /bin/sh;
			shellScript = "diff \"${PODS_PODFILE_DIR_PATH}/Podfile.lock\" \"${PODS_ROOT}/Manifest.lock\" > /dev/null\nif [ $? != 0 ] ; then\n    # print error to STDERR\n    echo \"error: The sandbox is not in sync with the Podfile.lock. Run 'pod install' or update your CocoaPods installation.\" >&2\n    exit 1\nfi\n# This output is used by Xcode 'outputs' to avoid re-running this script phase.\necho \"SUCCESS\" > \"${SCRIPT_OUTPUT_FILE_0}\"\n";
			showEnvVarsInLog = 0;
		};
/* End PBXShellScriptBuildPhase section */

/* Begin PBXSourcesBuildPhase section */
		B46CB86B27DBF54D0081B353 /* Sources */ = {
			isa = PBXSourcesBuildPhase;
			buildActionMask = 2147483647;
			files = (
				B46CB8B427DC6BD00081B353 /* TextField+Extension.swift in Sources */,
				B46CB8AB27DC1F130081B353 /* SignUpViewController.swift in Sources */,
				B46CB87727DBF54D0081B353 /* WelcomeScreenViewController.swift in Sources */,
				B46CB8AE27DC231B0081B353 /* ProductsCellModel.swift in Sources */,
				B46CB8A627DC0C8C0081B353 /* AuthManager.swift in Sources */,
				B46CB8B127DC24A30081B353 /* ProductsCollectionViewCell.swift in Sources */,
				B46CB87327DBF54D0081B353 /* AppDelegate.swift in Sources */,
				B46CB8A927DC1ED50081B353 /* LoginViewController.swift in Sources */,
				B46CB87527DBF54D0081B353 /* SceneDelegate.swift in Sources */,
			);
			runOnlyForDeploymentPostprocessing = 0;
		};
		B46CB88127DBF5560081B353 /* Sources */ = {
			isa = PBXSourcesBuildPhase;
			buildActionMask = 2147483647;
			files = (
				B46CB88A27DBF5560081B353 /* MintynAppTests.swift in Sources */,
			);
			runOnlyForDeploymentPostprocessing = 0;
		};
		B46CB88B27DBF5560081B353 /* Sources */ = {
			isa = PBXSourcesBuildPhase;
			buildActionMask = 2147483647;
			files = (
				B46CB89427DBF5570081B353 /* MintynAppUITests.swift in Sources */,
				B46CB89627DBF5570081B353 /* MintynAppUITestsLaunchTests.swift in Sources */,
			);
			runOnlyForDeploymentPostprocessing = 0;
		};
/* End PBXSourcesBuildPhase section */

/* Begin PBXTargetDependency section */
		B46CB88727DBF5560081B353 /* PBXTargetDependency */ = {
			isa = PBXTargetDependency;
			target = B46CB86E27DBF54D0081B353 /* MintynApp */;
			targetProxy = B46CB88627DBF5560081B353 /* PBXContainerItemProxy */;
		};
		B46CB89127DBF5570081B353 /* PBXTargetDependency */ = {
			isa = PBXTargetDependency;
			target = B46CB86E27DBF54D0081B353 /* MintynApp */;
			targetProxy = B46CB89027DBF5570081B353 /* PBXContainerItemProxy */;
		};
/* End PBXTargetDependency section */

/* Begin PBXVariantGroup section */
		B46CB87827DBF54D0081B353 /* Main.storyboard */ = {
			isa = PBXVariantGroup;
			children = (
				B46CB87927DBF54D0081B353 /* Base */,
			);
			name = Main.storyboard;
			sourceTree = "<group>";
		};
		B46CB87D27DBF5550081B353 /* LaunchScreen.storyboard */ = {
			isa = PBXVariantGroup;
			children = (
				B46CB87E27DBF5550081B353 /* Base */,
			);
			name = LaunchScreen.storyboard;
			sourceTree = "<group>";
		};
/* End PBXVariantGroup section */

/* Begin XCBuildConfiguration section */
		B46CB89727DBF5570081B353 /* Debug */ = {
			isa = XCBuildConfiguration;
			buildSettings = {
				ALWAYS_SEARCH_USER_PATHS = NO;
				CLANG_ANALYZER_NONNULL = YES;
				CLANG_ANALYZER_NUMBER_OBJECT_CONVERSION = YES_AGGRESSIVE;
				CLANG_CXX_LANGUAGE_STANDARD = "gnu++17";
				CLANG_CXX_LIBRARY = "libc++";
				CLANG_ENABLE_MODULES = YES;
				CLANG_ENABLE_OBJC_ARC = YES;
				CLANG_ENABLE_OBJC_WEAK = YES;
				CLANG_WARN_BLOCK_CAPTURE_AUTORELEASING = YES;
				CLANG_WARN_BOOL_CONVERSION = YES;
				CLANG_WARN_COMMA = YES;
				CLANG_WARN_CONSTANT_CONVERSION = YES;
				CLANG_WARN_DEPRECATED_OBJC_IMPLEMENTATIONS = YES;
				CLANG_WARN_DIRECT_OBJC_ISA_USAGE = YES_ERROR;
				CLANG_WARN_DOCUMENTATION_COMMENTS = YES;
				CLANG_WARN_EMPTY_BODY = YES;
				CLANG_WARN_ENUM_CONVERSION = YES;
				CLANG_WARN_INFINITE_RECURSION = YES;
				CLANG_WARN_INT_CONVERSION = YES;
				CLANG_WARN_NON_LITERAL_NULL_CONVERSION = YES;
				CLANG_WARN_OBJC_IMPLICIT_RETAIN_SELF = YES;
				CLANG_WARN_OBJC_LITERAL_CONVERSION = YES;
				CLANG_WARN_OBJC_ROOT_CLASS = YES_ERROR;
				CLANG_WARN_QUOTED_INCLUDE_IN_FRAMEWORK_HEADER = YES;
				CLANG_WARN_RANGE_LOOP_ANALYSIS = YES;
				CLANG_WARN_STRICT_PROTOTYPES = YES;
				CLANG_WARN_SUSPICIOUS_MOVE = YES;
				CLANG_WARN_UNGUARDED_AVAILABILITY = YES_AGGRESSIVE;
				CLANG_WARN_UNREACHABLE_CODE = YES;
				CLANG_WARN__DUPLICATE_METHOD_MATCH = YES;
				COPY_PHASE_STRIP = NO;
				DEBUG_INFORMATION_FORMAT = dwarf;
				ENABLE_STRICT_OBJC_MSGSEND = YES;
				ENABLE_TESTABILITY = YES;
				GCC_C_LANGUAGE_STANDARD = gnu11;
				GCC_DYNAMIC_NO_PIC = NO;
				GCC_NO_COMMON_BLOCKS = YES;
				GCC_OPTIMIZATION_LEVEL = 0;
				GCC_PREPROCESSOR_DEFINITIONS = (
					"DEBUG=1",
					"$(inherited)",
				);
				GCC_WARN_64_TO_32_BIT_CONVERSION = YES;
				GCC_WARN_ABOUT_RETURN_TYPE = YES_ERROR;
				GCC_WARN_UNDECLARED_SELECTOR = YES;
				GCC_WARN_UNINITIALIZED_AUTOS = YES_AGGRESSIVE;
				GCC_WARN_UNUSED_FUNCTION = YES;
				GCC_WARN_UNUSED_VARIABLE = YES;
				IPHONEOS_DEPLOYMENT_TARGET = 15.2;
				MTL_ENABLE_DEBUG_INFO = INCLUDE_SOURCE;
				MTL_FAST_MATH = YES;
				ONLY_ACTIVE_ARCH = YES;
				SDKROOT = iphoneos;
				SWIFT_ACTIVE_COMPILATION_CONDITIONS = DEBUG;
				SWIFT_OPTIMIZATION_LEVEL = "-Onone";
			};
			name = Debug;
		};
		B46CB89827DBF5570081B353 /* Release */ = {
			isa = XCBuildConfiguration;
			buildSettings = {
				ALWAYS_SEARCH_USER_PATHS = NO;
				CLANG_ANALYZER_NONNULL = YES;
				CLANG_ANALYZER_NUMBER_OBJECT_CONVERSION = YES_AGGRESSIVE;
				CLANG_CXX_LANGUAGE_STANDARD = "gnu++17";
				CLANG_CXX_LIBRARY = "libc++";
				CLANG_ENABLE_MODULES = YES;
				CLANG_ENABLE_OBJC_ARC = YES;
				CLANG_ENABLE_OBJC_WEAK = YES;
				CLANG_WARN_BLOCK_CAPTURE_AUTORELEASING = YES;
				CLANG_WARN_BOOL_CONVERSION = YES;
				CLANG_WARN_COMMA = YES;
				CLANG_WARN_CONSTANT_CONVERSION = YES;
				CLANG_WARN_DEPRECATED_OBJC_IMPLEMENTATIONS = YES;
				CLANG_WARN_DIRECT_OBJC_ISA_USAGE = YES_ERROR;
				CLANG_WARN_DOCUMENTATION_COMMENTS = YES;
				CLANG_WARN_EMPTY_BODY = YES;
				CLANG_WARN_ENUM_CONVERSION = YES;
				CLANG_WARN_INFINITE_RECURSION = YES;
				CLANG_WARN_INT_CONVERSION = YES;
				CLANG_WARN_NON_LITERAL_NULL_CONVERSION = YES;
				CLANG_WARN_OBJC_IMPLICIT_RETAIN_SELF = YES;
				CLANG_WARN_OBJC_LITERAL_CONVERSION = YES;
				CLANG_WARN_OBJC_ROOT_CLASS = YES_ERROR;
				CLANG_WARN_QUOTED_INCLUDE_IN_FRAMEWORK_HEADER = YES;
				CLANG_WARN_RANGE_LOOP_ANALYSIS = YES;
				CLANG_WARN_STRICT_PROTOTYPES = YES;
				CLANG_WARN_SUSPICIOUS_MOVE = YES;
				CLANG_WARN_UNGUARDED_AVAILABILITY = YES_AGGRESSIVE;
				CLANG_WARN_UNREACHABLE_CODE = YES;
				CLANG_WARN__DUPLICATE_METHOD_MATCH = YES;
				COPY_PHASE_STRIP = NO;
				DEBUG_INFORMATION_FORMAT = "dwarf-with-dsym";
				ENABLE_NS_ASSERTIONS = NO;
				ENABLE_STRICT_OBJC_MSGSEND = YES;
				GCC_C_LANGUAGE_STANDARD = gnu11;
				GCC_NO_COMMON_BLOCKS = YES;
				GCC_WARN_64_TO_32_BIT_CONVERSION = YES;
				GCC_WARN_ABOUT_RETURN_TYPE = YES_ERROR;
				GCC_WARN_UNDECLARED_SELECTOR = YES;
				GCC_WARN_UNINITIALIZED_AUTOS = YES_AGGRESSIVE;
				GCC_WARN_UNUSED_FUNCTION = YES;
				GCC_WARN_UNUSED_VARIABLE = YES;
				IPHONEOS_DEPLOYMENT_TARGET = 15.2;
				MTL_ENABLE_DEBUG_INFO = NO;
				MTL_FAST_MATH = YES;
				SDKROOT = iphoneos;
				SWIFT_COMPILATION_MODE = wholemodule;
				SWIFT_OPTIMIZATION_LEVEL = "-O";
				VALIDATE_PRODUCT = YES;
			};
			name = Release;
		};
		B46CB89A27DBF5570081B353 /* Debug */ = {
			isa = XCBuildConfiguration;
			baseConfigurationReference = 188C58BD35FEA045F2659C8E /* Pods-MintynApp.debug.xcconfig */;
			buildSettings = {
				ASSETCATALOG_COMPILER_APPICON_NAME = AppIcon;
				ASSETCATALOG_COMPILER_GLOBAL_ACCENT_COLOR_NAME = AccentColor;
				CODE_SIGN_STYLE = Automatic;
				CURRENT_PROJECT_VERSION = 1;
				DEVELOPMENT_TEAM = ZPS3H473KB;
				GENERATE_INFOPLIST_FILE = YES;
				INFOPLIST_FILE = MintynApp/Info.plist;
				INFOPLIST_KEY_UIApplicationSupportsIndirectInputEvents = YES;
				INFOPLIST_KEY_UILaunchStoryboardName = LaunchScreen;
				INFOPLIST_KEY_UIMainStoryboardFile = Main;
				INFOPLIST_KEY_UISupportedInterfaceOrientations_iPad = "UIInterfaceOrientationPortrait UIInterfaceOrientationPortraitUpsideDown UIInterfaceOrientationLandscapeLeft UIInterfaceOrientationLandscapeRight";
				INFOPLIST_KEY_UISupportedInterfaceOrientations_iPhone = "UIInterfaceOrientationPortrait UIInterfaceOrientationLandscapeLeft UIInterfaceOrientationLandscapeRight";
				LD_RUNPATH_SEARCH_PATHS = (
					"$(inherited)",
					"@executable_path/Frameworks",
				);
				MARKETING_VERSION = 1.0;
				PRODUCT_BUNDLE_IDENTIFIER = com.brightsummit.MintynApp;
				PRODUCT_NAME = "$(TARGET_NAME)";
				SWIFT_EMIT_LOC_STRINGS = YES;
				SWIFT_VERSION = 5.0;
				TARGETED_DEVICE_FAMILY = "1,2";
			};
			name = Debug;
		};
		B46CB89B27DBF5570081B353 /* Release */ = {
			isa = XCBuildConfiguration;
			baseConfigurationReference = 7424FA3CDE146BD0D180BCF5 /* Pods-MintynApp.release.xcconfig */;
			buildSettings = {
				ASSETCATALOG_COMPILER_APPICON_NAME = AppIcon;
				ASSETCATALOG_COMPILER_GLOBAL_ACCENT_COLOR_NAME = AccentColor;
				CODE_SIGN_STYLE = Automatic;
				CURRENT_PROJECT_VERSION = 1;
				DEVELOPMENT_TEAM = ZPS3H473KB;
				GENERATE_INFOPLIST_FILE = YES;
				INFOPLIST_FILE = MintynApp/Info.plist;
				INFOPLIST_KEY_UIApplicationSupportsIndirectInputEvents = YES;
				INFOPLIST_KEY_UILaunchStoryboardName = LaunchScreen;
				INFOPLIST_KEY_UIMainStoryboardFile = Main;
				INFOPLIST_KEY_UISupportedInterfaceOrientations_iPad = "UIInterfaceOrientationPortrait UIInterfaceOrientationPortraitUpsideDown UIInterfaceOrientationLandscapeLeft UIInterfaceOrientationLandscapeRight";
				INFOPLIST_KEY_UISupportedInterfaceOrientations_iPhone = "UIInterfaceOrientationPortrait UIInterfaceOrientationLandscapeLeft UIInterfaceOrientationLandscapeRight";
				LD_RUNPATH_SEARCH_PATHS = (
					"$(inherited)",
					"@executable_path/Frameworks",
				);
				MARKETING_VERSION = 1.0;
				PRODUCT_BUNDLE_IDENTIFIER = com.brightsummit.MintynApp;
				PRODUCT_NAME = "$(TARGET_NAME)";
				SWIFT_EMIT_LOC_STRINGS = YES;
				SWIFT_VERSION = 5.0;
				TARGETED_DEVICE_FAMILY = "1,2";
			};
			name = Release;
		};
		B46CB89D27DBF5570081B353 /* Debug */ = {
			isa = XCBuildConfiguration;
			baseConfigurationReference = 762D5289D7CB2952A1F61D71 /* Pods-MintynAppTests.debug.xcconfig */;
			buildSettings = {
				ALWAYS_EMBED_SWIFT_STANDARD_LIBRARIES = YES;
				BUNDLE_LOADER = "$(TEST_HOST)";
				CODE_SIGN_STYLE = Automatic;
				CURRENT_PROJECT_VERSION = 1;
				DEVELOPMENT_TEAM = ZPS3H473KB;
				GENERATE_INFOPLIST_FILE = YES;
				IPHONEOS_DEPLOYMENT_TARGET = 15.2;
				MARKETING_VERSION = 1.0;
				PRODUCT_BUNDLE_IDENTIFIER = com.brightsummit.MintynAppTests;
				PRODUCT_NAME = "$(TARGET_NAME)";
				SWIFT_EMIT_LOC_STRINGS = NO;
				SWIFT_VERSION = 5.0;
				TARGETED_DEVICE_FAMILY = "1,2";
				TEST_HOST = "$(BUILT_PRODUCTS_DIR)/MintynApp.app/MintynApp";
			};
			name = Debug;
		};
		B46CB89E27DBF5570081B353 /* Release */ = {
			isa = XCBuildConfiguration;
			baseConfigurationReference = 1F5E909964F95D6677C34B63 /* Pods-MintynAppTests.release.xcconfig */;
			buildSettings = {
				ALWAYS_EMBED_SWIFT_STANDARD_LIBRARIES = YES;
				BUNDLE_LOADER = "$(TEST_HOST)";
				CODE_SIGN_STYLE = Automatic;
				CURRENT_PROJECT_VERSION = 1;
				DEVELOPMENT_TEAM = ZPS3H473KB;
				GENERATE_INFOPLIST_FILE = YES;
				IPHONEOS_DEPLOYMENT_TARGET = 15.2;
				MARKETING_VERSION = 1.0;
				PRODUCT_BUNDLE_IDENTIFIER = com.brightsummit.MintynAppTests;
				PRODUCT_NAME = "$(TARGET_NAME)";
				SWIFT_EMIT_LOC_STRINGS = NO;
				SWIFT_VERSION = 5.0;
				TARGETED_DEVICE_FAMILY = "1,2";
				TEST_HOST = "$(BUILT_PRODUCTS_DIR)/MintynApp.app/MintynApp";
			};
			name = Release;
		};
		B46CB8A027DBF5570081B353 /* Debug */ = {
			isa = XCBuildConfiguration;
			baseConfigurationReference = 5DB986763BC86B09193F7D64 /* Pods-MintynApp-MintynAppUITests.debug.xcconfig */;
			buildSettings = {
				ALWAYS_EMBED_SWIFT_STANDARD_LIBRARIES = YES;
				CODE_SIGN_STYLE = Automatic;
				CURRENT_PROJECT_VERSION = 1;
				DEVELOPMENT_TEAM = ZPS3H473KB;
				GENERATE_INFOPLIST_FILE = YES;
				MARKETING_VERSION = 1.0;
				PRODUCT_BUNDLE_IDENTIFIER = com.brightsummit.MintynAppUITests;
				PRODUCT_NAME = "$(TARGET_NAME)";
				SWIFT_EMIT_LOC_STRINGS = NO;
				SWIFT_VERSION = 5.0;
				TARGETED_DEVICE_FAMILY = "1,2";
				TEST_TARGET_NAME = MintynApp;
			};
			name = Debug;
		};
		B46CB8A127DBF5570081B353 /* Release */ = {
			isa = XCBuildConfiguration;
			baseConfigurationReference = 141C7D64C0F54CE74A0E80C6 /* Pods-MintynApp-MintynAppUITests.release.xcconfig */;
			buildSettings = {
				ALWAYS_EMBED_SWIFT_STANDARD_LIBRARIES = YES;
				CODE_SIGN_STYLE = Automatic;
				CURRENT_PROJECT_VERSION = 1;
				DEVELOPMENT_TEAM = ZPS3H473KB;
				GENERATE_INFOPLIST_FILE = YES;
				MARKETING_VERSION = 1.0;
				PRODUCT_BUNDLE_IDENTIFIER = com.brightsummit.MintynAppUITests;
				PRODUCT_NAME = "$(TARGET_NAME)";
				SWIFT_EMIT_LOC_STRINGS = NO;
				SWIFT_VERSION = 5.0;
				TARGETED_DEVICE_FAMILY = "1,2";
				TEST_TARGET_NAME = MintynApp;
			};
			name = Release;
		};
/* End XCBuildConfiguration section */

/* Begin XCConfigurationList section */
		B46CB86A27DBF54D0081B353 /* Build configuration list for PBXProject "MintynApp" */ = {
			isa = XCConfigurationList;
			buildConfigurations = (
				B46CB89727DBF5570081B353 /* Debug */,
				B46CB89827DBF5570081B353 /* Release */,
			);
			defaultConfigurationIsVisible = 0;
			defaultConfigurationName = Release;
		};
		B46CB89927DBF5570081B353 /* Build configuration list for PBXNativeTarget "MintynApp" */ = {
			isa = XCConfigurationList;
			buildConfigurations = (
				B46CB89A27DBF5570081B353 /* Debug */,
				B46CB89B27DBF5570081B353 /* Release */,
			);
			defaultConfigurationIsVisible = 0;
			defaultConfigurationName = Release;
		};
		B46CB89C27DBF5570081B353 /* Build configuration list for PBXNativeTarget "MintynAppTests" */ = {
			isa = XCConfigurationList;
			buildConfigurations = (
				B46CB89D27DBF5570081B353 /* Debug */,
				B46CB89E27DBF5570081B353 /* Release */,
			);
			defaultConfigurationIsVisible = 0;
			defaultConfigurationName = Release;
		};
		B46CB89F27DBF5570081B353 /* Build configuration list for PBXNativeTarget "MintynAppUITests" */ = {
			isa = XCConfigurationList;
			buildConfigurations = (
				B46CB8A027DBF5570081B353 /* Debug */,
				B46CB8A127DBF5570081B353 /* Release */,
			);
			defaultConfigurationIsVisible = 0;
			defaultConfigurationName = Release;
		};
/* End XCConfigurationList section */
	};
	rootObject = B46CB86727DBF54D0081B353 /* Project object */;
}
